// !$*UTF8*$!
{
	archiveVersion = 1;
	classes = {
	};
	objectVersion = 55;
	objects = {

/* Begin PBXBuildFile section */
		D51646122777146700D494CA /* AppDelegate.swift in Sources */ = {isa = PBXBuildFile; fileRef = D51646112777146700D494CA /* AppDelegate.swift */; };
		D51646142777146700D494CA /* SceneDelegate.swift in Sources */ = {isa = PBXBuildFile; fileRef = D51646132777146700D494CA /* SceneDelegate.swift */; };
		D51646162777146700D494CA /* ViewController.swift in Sources */ = {isa = PBXBuildFile; fileRef = D51646152777146700D494CA /* ViewController.swift */; };
		D51646192777146700D494CA /* Main.storyboard in Resources */ = {isa = PBXBuildFile; fileRef = D51646172777146700D494CA /* Main.storyboard */; };
		D516461B2777146900D494CA /* Assets.xcassets in Resources */ = {isa = PBXBuildFile; fileRef = D516461A2777146900D494CA /* Assets.xcassets */; };
		D516461E2777146900D494CA /* LaunchScreen.storyboard in Resources */ = {isa = PBXBuildFile; fileRef = D516461C2777146900D494CA /* LaunchScreen.storyboard */; };
		D51646292777146900D494CA /* PickerView2Tests.swift in Sources */ = {isa = PBXBuildFile; fileRef = D51646282777146900D494CA /* PickerView2Tests.swift */; };
		D51646332777146900D494CA /* PickerView2UITests.swift in Sources */ = {isa = PBXBuildFile; fileRef = D51646322777146900D494CA /* PickerView2UITests.swift */; };
		D51646352777146900D494CA /* PickerView2UITestsLaunchTests.swift in Sources */ = {isa = PBXBuildFile; fileRef = D51646342777146900D494CA /* PickerView2UITestsLaunchTests.swift */; };
		D5164646277714DC00D494CA /* 2.png in Resources */ = {isa = PBXBuildFile; fileRef = D5164642277714DC00D494CA /* 2.png */; };
		D5164647277714DC00D494CA /* 1.png in Resources */ = {isa = PBXBuildFile; fileRef = D5164643277714DC00D494CA /* 1.png */; };
		D5164648277714DC00D494CA /* 4.png in Resources */ = {isa = PBXBuildFile; fileRef = D5164644277714DC00D494CA /* 4.png */; };
		D5164649277714DC00D494CA /* 3.png in Resources */ = {isa = PBXBuildFile; fileRef = D5164645277714DC00D494CA /* 3.png */; };
/* End PBXBuildFile section */

/* Begin PBXContainerItemProxy section */
		D51646252777146900D494CA /* PBXContainerItemProxy */ = {
			isa = PBXContainerItemProxy;
			containerPortal = D51646062777146700D494CA /* Project object */;
			proxyType = 1;
			remoteGlobalIDString = D516460D2777146700D494CA;
			remoteInfo = PickerView2;
		};
		D516462F2777146900D494CA /* PBXContainerItemProxy */ = {
			isa = PBXContainerItemProxy;
			containerPortal = D51646062777146700D494CA /* Project object */;
			proxyType = 1;
			remoteGlobalIDString = D516460D2777146700D494CA;
			remoteInfo = PickerView2;
		};
/* End PBXContainerItemProxy section */

/* Begin PBXFileReference section */
		D516460E2777146700D494CA /* PickerView2.app */ = {isa = PBXFileReference; explicitFileType = wrapper.application; includeInIndex = 0; path = PickerView2.app; sourceTree = BUILT_PRODUCTS_DIR; };
		D51646112777146700D494CA /* AppDelegate.swift */ = {isa = PBXFileReference; lastKnownFileType = sourcecode.swift; path = AppDelegate.swift; sourceTree = "<group>"; };
		D51646132777146700D494CA /* SceneDelegate.swift */ = {isa = PBXFileReference; lastKnownFileType = sourcecode.swift; path = SceneDelegate.swift; sourceTree = "<group>"; };
		D51646152777146700D494CA /* ViewController.swift */ = {isa = PBXFileReference; lastKnownFileType = sourcecode.swift; path = ViewController.swift; sourceTree = "<group>"; };
		D51646182777146700D494CA /* Base */ = {isa = PBXFileReference; lastKnownFileType = file.storyboard; name = Base; path = Base.lproj/Main.storyboard; sourceTree = "<group>"; };
		D516461A2777146900D494CA /* Assets.xcassets */ = {isa = PBXFileReference; lastKnownFileType = folder.assetcatalog; path = Assets.xcassets; sourceTree = "<group>"; };
		D516461D2777146900D494CA /* Base */ = {isa = PBXFileReference; lastKnownFileType = file.storyboard; name = Base; path = Base.lproj/LaunchScreen.storyboard; sourceTree = "<group>"; };
		D516461F2777146900D494CA /* Info.plist */ = {isa = PBXFileReference; lastKnownFileType = text.plist.xml; path = Info.plist; sourceTree = "<group>"; };
		D51646242777146900D494CA /* PickerView2Tests.xctest */ = {isa = PBXFileReference; explicitFileType = wrapper.cfbundle; includeInIndex = 0; path = PickerView2Tests.xctest; sourceTree = BUILT_PRODUCTS_DIR; };
		D51646282777146900D494CA /* PickerView2Tests.swift */ = {isa = PBXFileReference; lastKnownFileType = sourcecode.swift; path = PickerView2Tests.swift; sourceTree = "<group>"; };
		D516462E2777146900D494CA /* PickerView2UITests.xctest */ = {isa = PBXFileReference; explicitFileType = wrapper.cfbundle; includeInIndex = 0; path = PickerView2UITests.xctest; sourceTree = BUILT_PRODUCTS_DIR; };
		D51646322777146900D494CA /* PickerView2UITests.swift */ = {isa = PBXFileReference; lastKnownFileType = sourcecode.swift; path = PickerView2UITests.swift; sourceTree = "<group>"; };
		D51646342777146900D494CA /* PickerView2UITestsLaunchTests.swift */ = {isa = PBXFileReference; lastKnownFileType = sourcecode.swift; path = PickerView2UITestsLaunchTests.swift; sourceTree = "<group>"; };
		D5164642277714DC00D494CA /* 2.png */ = {isa = PBXFileReference; lastKnownFileType = image.png; path = 2.png; sourceTree = "<group>"; };
		D5164643277714DC00D494CA /* 1.png */ = {isa = PBXFileReference; lastKnownFileType = image.png; path = 1.png; sourceTree = "<group>"; };
		D5164644277714DC00D494CA /* 4.png */ = {isa = PBXFileReference; lastKnownFileType = image.png; path = 4.png; sourceTree = "<group>"; };
		D5164645277714DC00D494CA /* 3.png */ = {isa = PBXFileReference; lastKnownFileType = image.png; path = 3.png; sourceTree = "<group>"; };
/* End PBXFileReference section */

/* Begin PBXFrameworksBuildPhase section */
		D516460B2777146700D494CA /* Frameworks */ = {
			isa = PBXFrameworksBuildPhase;
			buildActionMask = 2147483647;
			files = (
			);
			runOnlyForDeploymentPostprocessing = 0;
		};
		D51646212777146900D494CA /* Frameworks */ = {
			isa = PBXFrameworksBuildPhase;
			buildActionMask = 2147483647;
			files = (
			);
			runOnlyForDeploymentPostprocessing = 0;
		};
		D516462B2777146900D494CA /* Frameworks */ = {
			isa = PBXFrameworksBuildPhase;
			buildActionMask = 2147483647;
			files = (
			);
			runOnlyForDeploymentPostprocessing = 0;
		};
/* End PBXFrameworksBuildPhase section */

/* Begin PBXGroup section */
		D51646052777146700D494CA = {
			isa = PBXGroup;
			children = (
				D51646102777146700D494CA /* PickerView2 */,
				D51646272777146900D494CA /* PickerView2Tests */,
				D51646312777146900D494CA /* PickerView2UITests */,
				D516460F2777146700D494CA /* Products */,
			);
			sourceTree = "<group>";
		};
		D516460F2777146700D494CA /* Products */ = {
			isa = PBXGroup;
			children = (
				D516460E2777146700D494CA /* PickerView2.app */,
				D51646242777146900D494CA /* PickerView2Tests.xctest */,
				D516462E2777146900D494CA /* PickerView2UITests.xctest */,
			);
			name = Products;
			sourceTree = "<group>";
		};
		D51646102777146700D494CA /* PickerView2 */ = {
			isa = PBXGroup;
			children = (
				D51646412777148200D494CA /* images */,
				D51646112777146700D494CA /* AppDelegate.swift */,
				D51646132777146700D494CA /* SceneDelegate.swift */,
				D51646152777146700D494CA /* ViewController.swift */,
				D51646172777146700D494CA /* Main.storyboard */,
				D516461A2777146900D494CA /* Assets.xcassets */,
				D516461C2777146900D494CA /* LaunchScreen.storyboard */,
				D516461F2777146900D494CA /* Info.plist */,
			);
			path = PickerView2;
			sourceTree = "<group>";
		};
		D51646272777146900D494CA /* PickerView2Tests */ = {
			isa = PBXGroup;
			children = (
				D51646282777146900D494CA /* PickerView2Tests.swift */,
			);
			path = PickerView2Tests;
			sourceTree = "<group>";
		};
		D51646312777146900D494CA /* PickerView2UITests */ = {
			isa = PBXGroup;
			children = (
				D51646322777146900D494CA /* PickerView2UITests.swift */,
				D51646342777146900D494CA /* PickerView2UITestsLaunchTests.swift */,
			);
			path = PickerView2UITests;
			sourceTree = "<group>";
		};
		D51646412777148200D494CA /* images */ = {
			isa = PBXGroup;
			children = (
				D5164643277714DC00D494CA /* 1.png */,
				D5164642277714DC00D494CA /* 2.png */,
				D5164645277714DC00D494CA /* 3.png */,
				D5164644277714DC00D494CA /* 4.png */,
			);
			path = images;
			sourceTree = "<group>";
		};
/* End PBXGroup section */

/* Begin PBXNativeTarget section */
		D516460D2777146700D494CA /* PickerView2 */ = {
			isa = PBXNativeTarget;
			buildConfigurationList = D51646382777146900D494CA /* Build configuration list for PBXNativeTarget "PickerView2" */;
			buildPhases = (
				D516460A2777146700D494CA /* Sources */,
				D516460B2777146700D494CA /* Frameworks */,
				D516460C2777146700D494CA /* Resources */,
			);
			buildRules = (
			);
			dependencies = (
			);
			name = PickerView2;
			productName = PickerView2;
			productReference = D516460E2777146700D494CA /* PickerView2.app */;
			productType = "com.apple.product-type.application";
		};
		D51646232777146900D494CA /* PickerView2Tests */ = {
			isa = PBXNativeTarget;
			buildConfigurationList = D516463B2777146900D494CA /* Build configuration list for PBXNativeTarget "PickerView2Tests" */;
			buildPhases = (
				D51646202777146900D494CA /* Sources */,
				D51646212777146900D494CA /* Frameworks */,
				D51646222777146900D494CA /* Resources */,
			);
			buildRules = (
			);
			dependencies = (
				D51646262777146900D494CA /* PBXTargetDependency */,
			);
			name = PickerView2Tests;
			productName = PickerView2Tests;
			productReference = D51646242777146900D494CA /* PickerView2Tests.xctest */;
			productType = "com.apple.product-type.bundle.unit-test";
		};
		D516462D2777146900D494CA /* PickerView2UITests */ = {
			isa = PBXNativeTarget;
			buildConfigurationList = D516463E2777146900D494CA /* Build configuration list for PBXNativeTarget "PickerView2UITests" */;
			buildPhases = (
				D516462A2777146900D494CA /* Sources */,
				D516462B2777146900D494CA /* Frameworks */,
				D516462C2777146900D494CA /* Resources */,
			);
			buildRules = (
			);
			dependencies = (
				D51646302777146900D494CA /* PBXTargetDependency */,
			);
			name = PickerView2UITests;
			productName = PickerView2UITests;
			productReference = D516462E2777146900D494CA /* PickerView2UITests.xctest */;
			productType = "com.apple.product-type.bundle.ui-testing";
		};
/* End PBXNativeTarget section */

/* Begin PBXProject section */
		D51646062777146700D494CA /* Project object */ = {
			isa = PBXProject;
			attributes = {
				BuildIndependentTargetsInParallel = 1;
				LastSwiftUpdateCheck = 1320;
				LastUpgradeCheck = 1320;
				TargetAttributes = {
					D516460D2777146700D494CA = {
						CreatedOnToolsVersion = 13.2.1;
					};
					D51646232777146900D494CA = {
						CreatedOnToolsVersion = 13.2.1;
						TestTargetID = D516460D2777146700D494CA;
					};
					D516462D2777146900D494CA = {
						CreatedOnToolsVersion = 13.2.1;
						TestTargetID = D516460D2777146700D494CA;
					};
				};
			};
			buildConfigurationList = D51646092777146700D494CA /* Build configuration list for PBXProject "PickerView2" */;
			compatibilityVersion = "Xcode 13.0";
			developmentRegion = en;
			hasScannedForEncodings = 0;
			knownRegions = (
				en,
				Base,
			);
			mainGroup = D51646052777146700D494CA;
			productRefGroup = D516460F2777146700D494CA /* Products */;
			projectDirPath = "";
			projectRoot = "";
			targets = (
				D516460D2777146700D494CA /* PickerView2 */,
				D51646232777146900D494CA /* PickerView2Tests */,
				D516462D2777146900D494CA /* PickerView2UITests */,
			);
		};
/* End PBXProject section */

/* Begin PBXResourcesBuildPhase section */
		D516460C2777146700D494CA /* Resources */ = {
			isa = PBXResourcesBuildPhase;
			buildActionMask = 2147483647;
			files = (
				D5164648277714DC00D494CA /* 4.png in Resources */,
				D516461E2777146900D494CA /* LaunchScreen.storyboard in Resources */,
				D516461B2777146900D494CA /* Assets.xcassets in Resources */,
				D5164646277714DC00D494CA /* 2.png in Resources */,
				D51646192777146700D494CA /* Main.storyboard in Resources */,
				D5164649277714DC00D494CA /* 3.png in Resources */,
				D5164647277714DC00D494CA /* 1.png in Resources */,
			);
			runOnlyForDeploymentPostprocessing = 0;
		};
		D51646222777146900D494CA /* Resources */ = {
			isa = PBXResourcesBuildPhase;
			buildActionMask = 2147483647;
			files = (
			);
			runOnlyForDeploymentPostprocessing = 0;
		};
		D516462C2777146900D494CA /* Resources */ = {
			isa = PBXResourcesBuildPhase;
			buildActionMask = 2147483647;
			files = (
			);
			runOnlyForDeploymentPostprocessing = 0;
		};
/* End PBXResourcesBuildPhase section */

/* Begin PBXSourcesBuildPhase section */
		D516460A2777146700D494CA /* Sources */ = {
			isa = PBXSourcesBuildPhase;
			buildActionMask = 2147483647;
			files = (
				D51646162777146700D494CA /* ViewController.swift in Sources */,
				D51646122777146700D494CA /* AppDelegate.swift in Sources */,
				D51646142777146700D494CA /* SceneDelegate.swift in Sources */,
			);
			runOnlyForDeploymentPostprocessing = 0;
		};
		D51646202777146900D494CA /* Sources */ = {
			isa = PBXSourcesBuildPhase;
			buildActionMask = 2147483647;
			files = (
				D51646292777146900D494CA /* PickerView2Tests.swift in Sources */,
			);
			runOnlyForDeploymentPostprocessing = 0;
		};
		D516462A2777146900D494CA /* Sources */ = {
			isa = PBXSourcesBuildPhase;
			buildActionMask = 2147483647;
			files = (
				D51646352777146900D494CA /* PickerView2UITestsLaunchTests.swift in Sources */,
				D51646332777146900D494CA /* PickerView2UITests.swift in Sources */,
			);
			runOnlyForDeploymentPostprocessing = 0;
		};
/* End PBXSourcesBuildPhase section */

/* Begin PBXTargetDependency section */
		D51646262777146900D494CA /* PBXTargetDependency */ = {
			isa = PBXTargetDependency;
			target = D516460D2777146700D494CA /* PickerView2 */;
			targetProxy = D51646252777146900D494CA /* PBXContainerItemProxy */;
		};
		D51646302777146900D494CA /* PBXTargetDependency */ = {
			isa = PBXTargetDependency;
			target = D516460D2777146700D494CA /* PickerView2 */;
			targetProxy = D516462F2777146900D494CA /* PBXContainerItemProxy */;
		};
/* End PBXTargetDependency section */

/* Begin PBXVariantGroup section */
		D51646172777146700D494CA /* Main.storyboard */ = {
			isa = PBXVariantGroup;
			children = (
				D51646182777146700D494CA /* Base */,
			);
			name = Main.storyboard;
			sourceTree = "<group>";
		};
		D516461C2777146900D494CA /* LaunchScreen.storyboard */ = {
			isa = PBXVariantGroup;
			children = (
				D516461D2777146900D494CA /* Base */,
			);
			name = LaunchScreen.storyboard;
			sourceTree = "<group>";
		};
/* End PBXVariantGroup section */

/* Begin XCBuildConfiguration section */
		D51646362777146900D494CA /* Debug */ = {
			isa = XCBuildConfiguration;
			buildSettings = {
				ALWAYS_SEARCH_USER_PATHS = NO;
				CLANG_ANALYZER_NONNULL = YES;
				CLANG_ANALYZER_NUMBER_OBJECT_CONVERSION = YES_AGGRESSIVE;
				CLANG_CXX_LANGUAGE_STANDARD = "gnu++17";
				CLANG_CXX_LIBRARY = "libc++";
				CLANG_ENABLE_MODULES = YES;
				CLANG_ENABLE_OBJC_ARC = YES;
				CLANG_ENABLE_OBJC_WEAK = YES;
				CLANG_WARN_BLOCK_CAPTURE_AUTORELEASING = YES;
				CLANG_WARN_BOOL_CONVERSION = YES;
				CLANG_WARN_COMMA = YES;
				CLANG_WARN_CONSTANT_CONVERSION = YES;
				CLANG_WARN_DEPRECATED_OBJC_IMPLEMENTATIONS = YES;
				CLANG_WARN_DIRECT_OBJC_ISA_USAGE = YES_ERROR;
				CLANG_WARN_DOCUMENTATION_COMMENTS = YES;
				CLANG_WARN_EMPTY_BODY = YES;
				CLANG_WARN_ENUM_CONVERSION = YES;
				CLANG_WARN_INFINITE_RECURSION = YES;
				CLANG_WARN_INT_CONVERSION = YES;
				CLANG_WARN_NON_LITERAL_NULL_CONVERSION = YES;
				CLANG_WARN_OBJC_IMPLICIT_RETAIN_SELF = YES;
				CLANG_WARN_OBJC_LITERAL_CONVERSION = YES;
				CLANG_WARN_OBJC_ROOT_CLASS = YES_ERROR;
				CLANG_WARN_QUOTED_INCLUDE_IN_FRAMEWORK_HEADER = YES;
				CLANG_WARN_RANGE_LOOP_ANALYSIS = YES;
				CLANG_WARN_STRICT_PROTOTYPES = YES;
				CLANG_WARN_SUSPICIOUS_MOVE = YES;
				CLANG_WARN_UNGUARDED_AVAILABILITY = YES_AGGRESSIVE;
				CLANG_WARN_UNREACHABLE_CODE = YES;
				CLANG_WARN__DUPLICATE_METHOD_MATCH = YES;
				COPY_PHASE_STRIP = NO;
				DEBUG_INFORMATION_FORMAT = dwarf;
				ENABLE_STRICT_OBJC_MSGSEND = YES;
				ENABLE_TESTABILITY = YES;
				GCC_C_LANGUAGE_STANDARD = gnu11;
				GCC_DYNAMIC_NO_PIC = NO;
				GCC_NO_COMMON_BLOCKS = YES;
				GCC_OPTIMIZATION_LEVEL = 0;
				GCC_PREPROCESSOR_DEFINITIONS = (
					"DEBUG=1",
					"$(inherited)",
				);
				GCC_WARN_64_TO_32_BIT_CONVERSION = YES;
				GCC_WARN_ABOUT_RETURN_TYPE = YES_ERROR;
				GCC_WARN_UNDECLARED_SELECTOR = YES;
				GCC_WARN_UNINITIALIZED_AUTOS = YES_AGGRESSIVE;
				GCC_WARN_UNUSED_FUNCTION = YES;
				GCC_WARN_UNUSED_VARIABLE = YES;
				IPHONEOS_DEPLOYMENT_TARGET = 15.2;
				MTL_ENABLE_DEBUG_INFO = INCLUDE_SOURCE;
				MTL_FAST_MATH = YES;
				ONLY_ACTIVE_ARCH = YES;
				SDKROOT = iphoneos;
				SWIFT_ACTIVE_COMPILATION_CONDITIONS = DEBUG;
				SWIFT_OPTIMIZATION_LEVEL = "-Onone";
			};
			name = Debug;
		};
		D51646372777146900D494CA /* Release */ = {
			isa = XCBuildConfiguration;
			buildSettings = {
				ALWAYS_SEARCH_USER_PATHS = NO;
				CLANG_ANALYZER_NONNULL = YES;
				CLANG_ANALYZER_NUMBER_OBJECT_CONVERSION = YES_AGGRESSIVE;
				CLANG_CXX_LANGUAGE_STANDARD = "gnu++17";
				CLANG_CXX_LIBRARY = "libc++";
				CLANG_ENABLE_MODULES = YES;
				CLANG_ENABLE_OBJC_ARC = YES;
				CLANG_ENABLE_OBJC_WEAK = YES;
				CLANG_WARN_BLOCK_CAPTURE_AUTORELEASING = YES;
				CLANG_WARN_BOOL_CONVERSION = YES;
				CLANG_WARN_COMMA = YES;
				CLANG_WARN_CONSTANT_CONVERSION = YES;
				CLANG_WARN_DEPRECATED_OBJC_IMPLEMENTATIONS = YES;
				CLANG_WARN_DIRECT_OBJC_ISA_USAGE = YES_ERROR;
				CLANG_WARN_DOCUMENTATION_COMMENTS = YES;
				CLANG_WARN_EMPTY_BODY = YES;
				CLANG_WARN_ENUM_CONVERSION = YES;
				CLANG_WARN_INFINITE_RECURSION = YES;
				CLANG_WARN_INT_CONVERSION = YES;
				CLANG_WARN_NON_LITERAL_NULL_CONVERSION = YES;
				CLANG_WARN_OBJC_IMPLICIT_RETAIN_SELF = YES;
				CLANG_WARN_OBJC_LITERAL_CONVERSION = YES;
				CLANG_WARN_OBJC_ROOT_CLASS = YES_ERROR;
				CLANG_WARN_QUOTED_INCLUDE_IN_FRAMEWORK_HEADER = YES;
				CLANG_WARN_RANGE_LOOP_ANALYSIS = YES;
				CLANG_WARN_STRICT_PROTOTYPES = YES;
				CLANG_WARN_SUSPICIOUS_MOVE = YES;
				CLANG_WARN_UNGUARDED_AVAILABILITY = YES_AGGRESSIVE;
				CLANG_WARN_UNREACHABLE_CODE = YES;
				CLANG_WARN__DUPLICATE_METHOD_MATCH = YES;
				COPY_PHASE_STRIP = NO;
				DEBUG_INFORMATION_FORMAT = "dwarf-with-dsym";
				ENABLE_NS_ASSERTIONS = NO;
				ENABLE_STRICT_OBJC_MSGSEND = YES;
				GCC_C_LANGUAGE_STANDARD = gnu11;
				GCC_NO_COMMON_BLOCKS = YES;
				GCC_WARN_64_TO_32_BIT_CONVERSION = YES;
				GCC_WARN_ABOUT_RETURN_TYPE = YES_ERROR;
				GCC_WARN_UNDECLARED_SELECTOR = YES;
				GCC_WARN_UNINITIALIZED_AUTOS = YES_AGGRESSIVE;
				GCC_WARN_UNUSED_FUNCTION = YES;
				GCC_WARN_UNUSED_VARIABLE = YES;
				IPHONEOS_DEPLOYMENT_TARGET = 15.2;
				MTL_ENABLE_DEBUG_INFO = NO;
				MTL_FAST_MATH = YES;
				SDKROOT = iphoneos;
				SWIFT_COMPILATION_MODE = wholemodule;
				SWIFT_OPTIMIZATION_LEVEL = "-O";
				VALIDATE_PRODUCT = YES;
			};
			name = Release;
		};
		D51646392777146900D494CA /* Debug */ = {
			isa = XCBuildConfiguration;
			buildSettings = {
				ASSETCATALOG_COMPILER_APPICON_NAME = AppIcon;
				ASSETCATALOG_COMPILER_GLOBAL_ACCENT_COLOR_NAME = AccentColor;
				CODE_SIGN_STYLE = Automatic;
				CURRENT_PROJECT_VERSION = 1;
				GENERATE_INFOPLIST_FILE = YES;
				INFOPLIST_FILE = PickerView2/Info.plist;
				INFOPLIST_KEY_UIApplicationSupportsIndirectInputEvents = YES;
				INFOPLIST_KEY_UILaunchStoryboardName = LaunchScreen;
				INFOPLIST_KEY_UIMainStoryboardFile = Main;
				INFOPLIST_KEY_UISupportedInterfaceOrientations_iPad = "UIInterfaceOrientationPortrait UIInterfaceOrientationPortraitUpsideDown UIInterfaceOrientationLandscapeLeft UIInterfaceOrientationLandscapeRight";
				INFOPLIST_KEY_UISupportedInterfaceOrientations_iPhone = "UIInterfaceOrientationPortrait UIInterfaceOrientationLandscapeLeft UIInterfaceOrientationLandscapeRight";
				LD_RUNPATH_SEARCH_PATHS = (
					"$(inherited)",
					"@executable_path/Frameworks",
				);
				MARKETING_VERSION = 1.0;
				PRODUCT_BUNDLE_IDENTIFIER = "-00.PickerView2";
				PRODUCT_NAME = "$(TARGET_NAME)";
				SWIFT_EMIT_LOC_STRINGS = YES;
				SWIFT_VERSION = 5.0;
				TARGETED_DEVICE_FAMILY = "1,2";
			};
			name = Debug;
		};
		D516463A2777146900D494CA /* Release */ = {
			isa = XCBuildConfiguration;
			buildSettings = {
				ASSETCATALOG_COMPILER_APPICON_NAME = AppIcon;
				ASSETCATALOG_COMPILER_GLOBAL_ACCENT_COLOR_NAME = AccentColor;
				CODE_SIGN_STYLE = Automatic;
				CURRENT_PROJECT_VERSION = 1;
				GENERATE_INFOPLIST_FILE = YES;
				INFOPLIST_FILE = PickerView2/Info.plist;
				INFOPLIST_KEY_UIApplicationSupportsIndirectInputEvents = YES;
				INFOPLIST_KEY_UILaunchStoryboardName = LaunchScreen;
				INFOPLIST_KEY_UIMainStoryboardFile = Main;
				INFOPLIST_KEY_UISupportedInterfaceOrientations_iPad = "UIInterfaceOrientationPortrait UIInterfaceOrientationPortraitUpsideDown UIInterfaceOrientationLandscapeLeft UIInterfaceOrientationLandscapeRight";
				INFOPLIST_KEY_UISupportedInterfaceOrientations_iPhone = "UIInterfaceOrientationPortrait UIInterfaceOrientationLandscapeLeft UIInterfaceOrientationLandscapeRight";
				LD_RUNPATH_SEARCH_PATHS = (
					"$(inherited)",
					"@executable_path/Frameworks",
				);
				MARKETING_VERSION = 1.0;
				PRODUCT_BUNDLE_IDENTIFIER = "-00.PickerView2";
				PRODUCT_NAME = "$(TARGET_NAME)";
				SWIFT_EMIT_LOC_STRINGS = YES;
				SWIFT_VERSION = 5.0;
				TARGETED_DEVICE_FAMILY = "1,2";
			};
			name = Release;
		};
		D516463C2777146900D494CA /* Debug */ = {
			isa = XCBuildConfiguration;
			buildSettings = {
				ALWAYS_EMBED_SWIFT_STANDARD_LIBRARIES = YES;
				BUNDLE_LOADER = "$(TEST_HOST)";
				CODE_SIGN_STYLE = Automatic;
				CURRENT_PROJECT_VERSION = 1;
				GENERATE_INFOPLIST_FILE = YES;
				IPHONEOS_DEPLOYMENT_TARGET = 15.2;
				MARKETING_VERSION = 1.0;
				PRODUCT_BUNDLE_IDENTIFIER = "-00.PickerView2Tests";
				PRODUCT_NAME = "$(TARGET_NAME)";
				SWIFT_EMIT_LOC_STRINGS = NO;
				SWIFT_VERSION = 5.0;
				TARGETED_DEVICE_FAMILY = "1,2";
				TEST_HOST = "$(BUILT_PRODUCTS_DIR)/PickerView2.app/PickerView2";
			};
			name = Debug;
		};
		D516463D2777146900D494CA /* Release */ = {
			isa = XCBuildConfiguration;
			buildSettings = {
				ALWAYS_EMBED_SWIFT_STANDARD_LIBRARIES = YES;
				BUNDLE_LOADER = "$(TEST_HOST)";
				CODE_SIGN_STYLE = Automatic;
				CURRENT_PROJECT_VERSION = 1;
				GENERATE_INFOPLIST_FILE = YES;
				IPHONEOS_DEPLOYMENT_TARGET = 15.2;
				MARKETING_VERSION = 1.0;
				PRODUCT_BUNDLE_IDENTIFIER = "-00.PickerView2Tests";
				PRODUCT_NAME = "$(TARGET_NAME)";
				SWIFT_EMIT_LOC_STRINGS = NO;
				SWIFT_VERSION = 5.0;
				TARGETED_DEVICE_FAMILY = "1,2";
				TEST_HOST = "$(BUILT_PRODUCTS_DIR)/PickerView2.app/PickerView2";
			};
			name = Release;
		};
		D516463F2777146900D494CA /* Debug */ = {
			isa = XCBuildConfiguration;
			buildSettings = {
				ALWAYS_EMBED_SWIFT_STANDARD_LIBRARIES = YES;
				CODE_SIGN_STYLE = Automatic;
				CURRENT_PROJECT_VERSION = 1;
				GENERATE_INFOPLIST_FILE = YES;
				MARKETING_VERSION = 1.0;
				PRODUCT_BUNDLE_IDENTIFIER = "-00.PickerView2UITests";
				PRODUCT_NAME = "$(TARGET_NAME)";
				SWIFT_EMIT_LOC_STRINGS = NO;
				SWIFT_VERSION = 5.0;
				TARGETED_DEVICE_FAMILY = "1,2";
				TEST_TARGET_NAME = PickerView2;
			};
			name = Debug;
		};
		D51646402777146900D494CA /* Release */ = {
			isa = XCBuildConfiguration;
			buildSettings = {
				ALWAYS_EMBED_SWIFT_STANDARD_LIBRARIES = YES;
				CODE_SIGN_STYLE = Automatic;
				CURRENT_PROJECT_VERSION = 1;
				GENERATE_INFOPLIST_FILE = YES;
				MARKETING_VERSION = 1.0;
				PRODUCT_BUNDLE_IDENTIFIER = "-00.PickerView2UITests";
				PRODUCT_NAME = "$(TARGET_NAME)";
				SWIFT_EMIT_LOC_STRINGS = NO;
				SWIFT_VERSION = 5.0;
				TARGETED_DEVICE_FAMILY = "1,2";
				TEST_TARGET_NAME = PickerView2;
			};
			name = Release;
		};
/* End XCBuildConfiguration section */

/* Begin XCConfigurationList section */
		D51646092777146700D494CA /* Build configuration list for PBXProject "PickerView2" */ = {
			isa = XCConfigurationList;
			buildConfigurations = (
				D51646362777146900D494CA /* Debug */,
				D51646372777146900D494CA /* Release */,
			);
			defaultConfigurationIsVisible = 0;
			defaultConfigurationName = Release;
		};
		D51646382777146900D494CA /* Build configuration list for PBXNativeTarget "PickerView2" */ = {
			isa = XCConfigurationList;
			buildConfigurations = (
				D51646392777146900D494CA /* Debug */,
				D516463A2777146900D494CA /* Release */,
			);
			defaultConfigurationIsVisible = 0;
			defaultConfigurationName = Release;
		};
		D516463B2777146900D494CA /* Build configuration list for PBXNativeTarget "PickerView2Tests" */ = {
			isa = XCConfigurationList;
			buildConfigurations = (
				D516463C2777146900D494CA /* Debug */,
				D516463D2777146900D494CA /* Release */,
			);
			defaultConfigurationIsVisible = 0;
			defaultConfigurationName = Release;
		};
		D516463E2777146900D494CA /* Build configuration list for PBXNativeTarget "PickerView2UITests" */ = {
			isa = XCConfigurationList;
			buildConfigurations = (
				D516463F2777146900D494CA /* Debug */,
				D51646402777146900D494CA /* Release */,
			);
			defaultConfigurationIsVisible = 0;
			defaultConfigurationName = Release;
		};
/* End XCConfigurationList section */
	};
	rootObject = D51646062777146700D494CA /* Project object */;
}
